// !$*UTF8*$!
{
	archiveVersion = 1;
	classes = {
	};
	objectVersion = 56;
	objects = {

/* Begin PBXBuildFile section */
		47E551B2290511AC0080E5D7 /* UI__777App.swift in Sources */ = {isa = PBXBuildFile; fileRef = 47E551B1290511AC0080E5D7 /* UI__777App.swift */; };
		47E551B4290511AC0080E5D7 /* ContentView.swift in Sources */ = {isa = PBXBuildFile; fileRef = 47E551B3290511AC0080E5D7 /* ContentView.swift */; };
		47E551B6290511AE0080E5D7 /* Assets.xcassets in Resources */ = {isa = PBXBuildFile; fileRef = 47E551B5290511AE0080E5D7 /* Assets.xcassets */; };
		47E551B9290511AE0080E5D7 /* Preview Assets.xcassets in Resources */ = {isa = PBXBuildFile; fileRef = 47E551B8290511AE0080E5D7 /* Preview Assets.xcassets */; };
		47E551C3290511AE0080E5D7 /* UI__777Tests.swift in Sources */ = {isa = PBXBuildFile; fileRef = 47E551C2290511AE0080E5D7 /* UI__777Tests.swift */; };
		47E551CD290511AE0080E5D7 /* UI__777UITests.swift in Sources */ = {isa = PBXBuildFile; fileRef = 47E551CC290511AE0080E5D7 /* UI__777UITests.swift */; };
		47E551CF290511AE0080E5D7 /* UI__777UITestsLaunchTests.swift in Sources */ = {isa = PBXBuildFile; fileRef = 47E551CE290511AE0080E5D7 /* UI__777UITestsLaunchTests.swift */; };
		47E551DD290511C40080E5D7 /* Home.swift in Sources */ = {isa = PBXBuildFile; fileRef = 47E551DC290511C40080E5D7 /* Home.swift */; };
		47E551E0290511CB0080E5D7 /* Book.swift in Sources */ = {isa = PBXBuildFile; fileRef = 47E551DF290511CB0080E5D7 /* Book.swift */; };
		47E551E229051A0B0080E5D7 /* IsometricView.swift in Sources */ = {isa = PBXBuildFile; fileRef = 47E551E129051A0B0080E5D7 /* IsometricView.swift */; };
/* End PBXBuildFile section */

/* Begin PBXContainerItemProxy section */
		47E551BF290511AE0080E5D7 /* PBXContainerItemProxy */ = {
			isa = PBXContainerItemProxy;
			containerPortal = 47E551A6290511AC0080E5D7 /* Project object */;
			proxyType = 1;
			remoteGlobalIDString = 47E551AD290511AC0080E5D7;
			remoteInfo = "UI- 777";
		};
		47E551C9290511AE0080E5D7 /* PBXContainerItemProxy */ = {
			isa = PBXContainerItemProxy;
			containerPortal = 47E551A6290511AC0080E5D7 /* Project object */;
			proxyType = 1;
			remoteGlobalIDString = 47E551AD290511AC0080E5D7;
			remoteInfo = "UI- 777";
		};
/* End PBXContainerItemProxy section */

/* Begin PBXFileReference section */
		47E551AE290511AC0080E5D7 /* UI- 777.app */ = {isa = PBXFileReference; explicitFileType = wrapper.application; includeInIndex = 0; path = "UI- 777.app"; sourceTree = BUILT_PRODUCTS_DIR; };
		47E551B1290511AC0080E5D7 /* UI__777App.swift */ = {isa = PBXFileReference; lastKnownFileType = sourcecode.swift; path = UI__777App.swift; sourceTree = "<group>"; };
		47E551B3290511AC0080E5D7 /* ContentView.swift */ = {isa = PBXFileReference; lastKnownFileType = sourcecode.swift; path = ContentView.swift; sourceTree = "<group>"; };
		47E551B5290511AE0080E5D7 /* Assets.xcassets */ = {isa = PBXFileReference; lastKnownFileType = folder.assetcatalog; path = Assets.xcassets; sourceTree = "<group>"; };
		47E551B8290511AE0080E5D7 /* Preview Assets.xcassets */ = {isa = PBXFileReference; lastKnownFileType = folder.assetcatalog; path = "Preview Assets.xcassets"; sourceTree = "<group>"; };
		47E551BE290511AE0080E5D7 /* UI- 777Tests.xctest */ = {isa = PBXFileReference; explicitFileType = wrapper.cfbundle; includeInIndex = 0; path = "UI- 777Tests.xctest"; sourceTree = BUILT_PRODUCTS_DIR; };
		47E551C2290511AE0080E5D7 /* UI__777Tests.swift */ = {isa = PBXFileReference; lastKnownFileType = sourcecode.swift; path = UI__777Tests.swift; sourceTree = "<group>"; };
		47E551C8290511AE0080E5D7 /* UI- 777UITests.xctest */ = {isa = PBXFileReference; explicitFileType = wrapper.cfbundle; includeInIndex = 0; path = "UI- 777UITests.xctest"; sourceTree = BUILT_PRODUCTS_DIR; };
		47E551CC290511AE0080E5D7 /* UI__777UITests.swift */ = {isa = PBXFileReference; lastKnownFileType = sourcecode.swift; path = UI__777UITests.swift; sourceTree = "<group>"; };
		47E551CE290511AE0080E5D7 /* UI__777UITestsLaunchTests.swift */ = {isa = PBXFileReference; lastKnownFileType = sourcecode.swift; path = UI__777UITestsLaunchTests.swift; sourceTree = "<group>"; };
		47E551DC290511C40080E5D7 /* Home.swift */ = {isa = PBXFileReference; lastKnownFileType = sourcecode.swift; path = Home.swift; sourceTree = "<group>"; };
		47E551DF290511CB0080E5D7 /* Book.swift */ = {isa = PBXFileReference; lastKnownFileType = sourcecode.swift; path = Book.swift; sourceTree = "<group>"; };
		47E551E129051A0B0080E5D7 /* IsometricView.swift */ = {isa = PBXFileReference; lastKnownFileType = sourcecode.swift; path = IsometricView.swift; sourceTree = "<group>"; };
/* End PBXFileReference section */

/* Begin PBXFrameworksBuildPhase section */
		47E551AB290511AC0080E5D7 /* Frameworks */ = {
			isa = PBXFrameworksBuildPhase;
			buildActionMask = 2147483647;
			files = (
			);
			runOnlyForDeploymentPostprocessing = 0;
		};
		47E551BB290511AE0080E5D7 /* Frameworks */ = {
			isa = PBXFrameworksBuildPhase;
			buildActionMask = 2147483647;
			files = (
			);
			runOnlyForDeploymentPostprocessing = 0;
		};
		47E551C5290511AE0080E5D7 /* Frameworks */ = {
			isa = PBXFrameworksBuildPhase;
			buildActionMask = 2147483647;
			files = (
			);
			runOnlyForDeploymentPostprocessing = 0;
		};
/* End PBXFrameworksBuildPhase section */

/* Begin PBXGroup section */
		47E551A5290511AC0080E5D7 = {
			isa = PBXGroup;
			children = (
				47E551B0290511AC0080E5D7 /* UI- 777 */,
				47E551C1290511AE0080E5D7 /* UI- 777Tests */,
				47E551CB290511AE0080E5D7 /* UI- 777UITests */,
				47E551AF290511AC0080E5D7 /* Products */,
			);
			sourceTree = "<group>";
		};
		47E551AF290511AC0080E5D7 /* Products */ = {
			isa = PBXGroup;
			children = (
				47E551AE290511AC0080E5D7 /* UI- 777.app */,
				47E551BE290511AE0080E5D7 /* UI- 777Tests.xctest */,
				47E551C8290511AE0080E5D7 /* UI- 777UITests.xctest */,
			);
			name = Products;
			sourceTree = "<group>";
		};
		47E551B0290511AC0080E5D7 /* UI- 777 */ = {
			isa = PBXGroup;
			children = (
				47E551DE290511C60080E5D7 /* Model */,
				47E551DB290511C00080E5D7 /* View */,
				47E551B1290511AC0080E5D7 /* UI__777App.swift */,
				47E551B3290511AC0080E5D7 /* ContentView.swift */,
				47E551B5290511AE0080E5D7 /* Assets.xcassets */,
				47E551B7290511AE0080E5D7 /* Preview Content */,
			);
			path = "UI- 777";
			sourceTree = "<group>";
		};
		47E551B7290511AE0080E5D7 /* Preview Content */ = {
			isa = PBXGroup;
			children = (
				47E551B8290511AE0080E5D7 /* Preview Assets.xcassets */,
			);
			path = "Preview Content";
			sourceTree = "<group>";
		};
		47E551C1290511AE0080E5D7 /* UI- 777Tests */ = {
			isa = PBXGroup;
			children = (
				47E551C2290511AE0080E5D7 /* UI__777Tests.swift */,
			);
			path = "UI- 777Tests";
			sourceTree = "<group>";
		};
		47E551CB290511AE0080E5D7 /* UI- 777UITests */ = {
			isa = PBXGroup;
			children = (
				47E551CC290511AE0080E5D7 /* UI__777UITests.swift */,
				47E551CE290511AE0080E5D7 /* UI__777UITestsLaunchTests.swift */,
			);
			path = "UI- 777UITests";
			sourceTree = "<group>";
		};
		47E551DB290511C00080E5D7 /* View */ = {
			isa = PBXGroup;
			children = (
				47E551DC290511C40080E5D7 /* Home.swift */,
				47E551E129051A0B0080E5D7 /* IsometricView.swift */,
			);
			path = View;
			sourceTree = "<group>";
		};
		47E551DE290511C60080E5D7 /* Model */ = {
			isa = PBXGroup;
			children = (
				47E551DF290511CB0080E5D7 /* Book.swift */,
			);
			path = Model;
			sourceTree = "<group>";
		};
/* End PBXGroup section */

/* Begin PBXNativeTarget section */
		47E551AD290511AC0080E5D7 /* UI- 777 */ = {
			isa = PBXNativeTarget;
			buildConfigurationList = 47E551D2290511AE0080E5D7 /* Build configuration list for PBXNativeTarget "UI- 777" */;
			buildPhases = (
				47E551AA290511AC0080E5D7 /* Sources */,
				47E551AB290511AC0080E5D7 /* Frameworks */,
				47E551AC290511AC0080E5D7 /* Resources */,
			);
			buildRules = (
			);
			dependencies = (
			);
			name = "UI- 777";
			productName = "UI- 777";
			productReference = 47E551AE290511AC0080E5D7 /* UI- 777.app */;
			productType = "com.apple.product-type.application";
		};
		47E551BD290511AE0080E5D7 /* UI- 777Tests */ = {
			isa = PBXNativeTarget;
			buildConfigurationList = 47E551D5290511AE0080E5D7 /* Build configuration list for PBXNativeTarget "UI- 777Tests" */;
			buildPhases = (
				47E551BA290511AE0080E5D7 /* Sources */,
				47E551BB290511AE0080E5D7 /* Frameworks */,
				47E551BC290511AE0080E5D7 /* Resources */,
			);
			buildRules = (
			);
			dependencies = (
				47E551C0290511AE0080E5D7 /* PBXTargetDependency */,
			);
			name = "UI- 777Tests";
			productName = "UI- 777Tests";
			productReference = 47E551BE290511AE0080E5D7 /* UI- 777Tests.xctest */;
			productType = "com.apple.product-type.bundle.unit-test";
		};
		47E551C7290511AE0080E5D7 /* UI- 777UITests */ = {
			isa = PBXNativeTarget;
			buildConfigurationList = 47E551D8290511AE0080E5D7 /* Build configuration list for PBXNativeTarget "UI- 777UITests" */;
			buildPhases = (
				47E551C4290511AE0080E5D7 /* Sources */,
				47E551C5290511AE0080E5D7 /* Frameworks */,
				47E551C6290511AE0080E5D7 /* Resources */,
			);
			buildRules = (
			);
			dependencies = (
				47E551CA290511AE0080E5D7 /* PBXTargetDependency */,
			);
			name = "UI- 777UITests";
			productName = "UI- 777UITests";
			productReference = 47E551C8290511AE0080E5D7 /* UI- 777UITests.xctest */;
			productType = "com.apple.product-type.bundle.ui-testing";
		};
/* End PBXNativeTarget section */

/* Begin PBXProject section */
		47E551A6290511AC0080E5D7 /* Project object */ = {
			isa = PBXProject;
			attributes = {
				BuildIndependentTargetsInParallel = 1;
				LastSwiftUpdateCheck = 1410;
				LastUpgradeCheck = 1410;
				TargetAttributes = {
					47E551AD290511AC0080E5D7 = {
						CreatedOnToolsVersion = 14.1;
					};
					47E551BD290511AE0080E5D7 = {
						CreatedOnToolsVersion = 14.1;
						TestTargetID = 47E551AD290511AC0080E5D7;
					};
					47E551C7290511AE0080E5D7 = {
						CreatedOnToolsVersion = 14.1;
						TestTargetID = 47E551AD290511AC0080E5D7;
					};
				};
			};
			buildConfigurationList = 47E551A9290511AC0080E5D7 /* Build configuration list for PBXProject "UI- 777" */;
			compatibilityVersion = "Xcode 14.0";
			developmentRegion = en;
			hasScannedForEncodings = 0;
			knownRegions = (
				en,
				Base,
			);
			mainGroup = 47E551A5290511AC0080E5D7;
			productRefGroup = 47E551AF290511AC0080E5D7 /* Products */;
			projectDirPath = "";
			projectRoot = "";
			targets = (
				47E551AD290511AC0080E5D7 /* UI- 777 */,
				47E551BD290511AE0080E5D7 /* UI- 777Tests */,
				47E551C7290511AE0080E5D7 /* UI- 777UITests */,
			);
		};
/* End PBXProject section */

/* Begin PBXResourcesBuildPhase section */
		47E551AC290511AC0080E5D7 /* Resources */ = {
			isa = PBXResourcesBuildPhase;
			buildActionMask = 2147483647;
			files = (
				47E551B9290511AE0080E5D7 /* Preview Assets.xcassets in Resources */,
				47E551B6290511AE0080E5D7 /* Assets.xcassets in Resources */,
			);
			runOnlyForDeploymentPostprocessing = 0;
		};
		47E551BC290511AE0080E5D7 /* Resources */ = {
			isa = PBXResourcesBuildPhase;
			buildActionMask = 2147483647;
			files = (
			);
			runOnlyForDeploymentPostprocessing = 0;
		};
		47E551C6290511AE0080E5D7 /* Resources */ = {
			isa = PBXResourcesBuildPhase;
			buildActionMask = 2147483647;
			files = (
			);
			runOnlyForDeploymentPostprocessing = 0;
		};
/* End PBXResourcesBuildPhase section */

/* Begin PBXSourcesBuildPhase section */
		47E551AA290511AC0080E5D7 /* Sources */ = {
			isa = PBXSourcesBuildPhase;
			buildActionMask = 2147483647;
			files = (
				47E551E0290511CB0080E5D7 /* Book.swift in Sources */,
				47E551B4290511AC0080E5D7 /* ContentView.swift in Sources */,
				47E551DD290511C40080E5D7 /* Home.swift in Sources */,
				47E551B2290511AC0080E5D7 /* UI__777App.swift in Sources */,
				47E551E229051A0B0080E5D7 /* IsometricView.swift in Sources */,
			);
			runOnlyForDeploymentPostprocessing = 0;
		};
		47E551BA290511AE0080E5D7 /* Sources */ = {
			isa = PBXSourcesBuildPhase;
			buildActionMask = 2147483647;
			files = (
				47E551C3290511AE0080E5D7 /* UI__777Tests.swift in Sources */,
			);
			runOnlyForDeploymentPostprocessing = 0;
		};
		47E551C4290511AE0080E5D7 /* Sources */ = {
			isa = PBXSourcesBuildPhase;
			buildActionMask = 2147483647;
			files = (
				47E551CF290511AE0080E5D7 /* UI__777UITestsLaunchTests.swift in Sources */,
				47E551CD290511AE0080E5D7 /* UI__777UITests.swift in Sources */,
			);
			runOnlyForDeploymentPostprocessing = 0;
		};
/* End PBXSourcesBuildPhase section */

/* Begin PBXTargetDependency section */
		47E551C0290511AE0080E5D7 /* PBXTargetDependency */ = {
			isa = PBXTargetDependency;
			target = 47E551AD290511AC0080E5D7 /* UI- 777 */;
			targetProxy = 47E551BF290511AE0080E5D7 /* PBXContainerItemProxy */;
		};
		47E551CA290511AE0080E5D7 /* PBXTargetDependency */ = {
			isa = PBXTargetDependency;
			target = 47E551AD290511AC0080E5D7 /* UI- 777 */;
			targetProxy = 47E551C9290511AE0080E5D7 /* PBXContainerItemProxy */;
		};
/* End PBXTargetDependency section */

/* Begin XCBuildConfiguration section */
		47E551D0290511AE0080E5D7 /* Debug */ = {
			isa = XCBuildConfiguration;
			buildSettings = {
				ALWAYS_SEARCH_USER_PATHS = NO;
				CLANG_ANALYZER_NONNULL = YES;
				CLANG_ANALYZER_NUMBER_OBJECT_CONVERSION = YES_AGGRESSIVE;
				CLANG_CXX_LANGUAGE_STANDARD = "gnu++20";
				CLANG_ENABLE_MODULES = YES;
				CLANG_ENABLE_OBJC_ARC = YES;
				CLANG_ENABLE_OBJC_WEAK = YES;
				CLANG_WARN_BLOCK_CAPTURE_AUTORELEASING = YES;
				CLANG_WARN_BOOL_CONVERSION = YES;
				CLANG_WARN_COMMA = YES;
				CLANG_WARN_CONSTANT_CONVERSION = YES;
				CLANG_WARN_DEPRECATED_OBJC_IMPLEMENTATIONS = YES;
				CLANG_WARN_DIRECT_OBJC_ISA_USAGE = YES_ERROR;
				CLANG_WARN_DOCUMENTATION_COMMENTS = YES;
				CLANG_WARN_EMPTY_BODY = YES;
				CLANG_WARN_ENUM_CONVERSION = YES;
				CLANG_WARN_INFINITE_RECURSION = YES;
				CLANG_WARN_INT_CONVERSION = YES;
				CLANG_WARN_NON_LITERAL_NULL_CONVERSION = YES;
				CLANG_WARN_OBJC_IMPLICIT_RETAIN_SELF = YES;
				CLANG_WARN_OBJC_LITERAL_CONVERSION = YES;
				CLANG_WARN_OBJC_ROOT_CLASS = YES_ERROR;
				CLANG_WARN_QUOTED_INCLUDE_IN_FRAMEWORK_HEADER = YES;
				CLANG_WARN_RANGE_LOOP_ANALYSIS = YES;
				CLANG_WARN_STRICT_PROTOTYPES = YES;
				CLANG_WARN_SUSPICIOUS_MOVE = YES;
				CLANG_WARN_UNGUARDED_AVAILABILITY = YES_AGGRESSIVE;
				CLANG_WARN_UNREACHABLE_CODE = YES;
				CLANG_WARN__DUPLICATE_METHOD_MATCH = YES;
				COPY_PHASE_STRIP = NO;
				DEBUG_INFORMATION_FORMAT = dwarf;
				ENABLE_STRICT_OBJC_MSGSEND = YES;
				ENABLE_TESTABILITY = YES;
				GCC_C_LANGUAGE_STANDARD = gnu11;
				GCC_DYNAMIC_NO_PIC = NO;
				GCC_NO_COMMON_BLOCKS = YES;
				GCC_OPTIMIZATION_LEVEL = 0;
				GCC_PREPROCESSOR_DEFINITIONS = (
					"DEBUG=1",
					"$(inherited)",
				);
				GCC_WARN_64_TO_32_BIT_CONVERSION = YES;
				GCC_WARN_ABOUT_RETURN_TYPE = YES_ERROR;
				GCC_WARN_UNDECLARED_SELECTOR = YES;
				GCC_WARN_UNINITIALIZED_AUTOS = YES_AGGRESSIVE;
				GCC_WARN_UNUSED_FUNCTION = YES;
				GCC_WARN_UNUSED_VARIABLE = YES;
				IPHONEOS_DEPLOYMENT_TARGET = 16.1;
				MTL_ENABLE_DEBUG_INFO = INCLUDE_SOURCE;
				MTL_FAST_MATH = YES;
				ONLY_ACTIVE_ARCH = YES;
				SDKROOT = iphoneos;
				SWIFT_ACTIVE_COMPILATION_CONDITIONS = DEBUG;
				SWIFT_OPTIMIZATION_LEVEL = "-Onone";
			};
			name = Debug;
		};
		47E551D1290511AE0080E5D7 /* Release */ = {
			isa = XCBuildConfiguration;
			buildSettings = {
				ALWAYS_SEARCH_USER_PATHS = NO;
				CLANG_ANALYZER_NONNULL = YES;
				CLANG_ANALYZER_NUMBER_OBJECT_CONVERSION = YES_AGGRESSIVE;
				CLANG_CXX_LANGUAGE_STANDARD = "gnu++20";
				CLANG_ENABLE_MODULES = YES;
				CLANG_ENABLE_OBJC_ARC = YES;
				CLANG_ENABLE_OBJC_WEAK = YES;
				CLANG_WARN_BLOCK_CAPTURE_AUTORELEASING = YES;
				CLANG_WARN_BOOL_CONVERSION = YES;
				CLANG_WARN_COMMA = YES;
				CLANG_WARN_CONSTANT_CONVERSION = YES;
				CLANG_WARN_DEPRECATED_OBJC_IMPLEMENTATIONS = YES;
				CLANG_WARN_DIRECT_OBJC_ISA_USAGE = YES_ERROR;
				CLANG_WARN_DOCUMENTATION_COMMENTS = YES;
				CLANG_WARN_EMPTY_BODY = YES;
				CLANG_WARN_ENUM_CONVERSION = YES;
				CLANG_WARN_INFINITE_RECURSION = YES;
				CLANG_WARN_INT_CONVERSION = YES;
				CLANG_WARN_NON_LITERAL_NULL_CONVERSION = YES;
				CLANG_WARN_OBJC_IMPLICIT_RETAIN_SELF = YES;
				CLANG_WARN_OBJC_LITERAL_CONVERSION = YES;
				CLANG_WARN_OBJC_ROOT_CLASS = YES_ERROR;
				CLANG_WARN_QUOTED_INCLUDE_IN_FRAMEWORK_HEADER = YES;
				CLANG_WARN_RANGE_LOOP_ANALYSIS = YES;
				CLANG_WARN_STRICT_PROTOTYPES = YES;
				CLANG_WARN_SUSPICIOUS_MOVE = YES;
				CLANG_WARN_UNGUARDED_AVAILABILITY = YES_AGGRESSIVE;
				CLANG_WARN_UNREACHABLE_CODE = YES;
				CLANG_WARN__DUPLICATE_METHOD_MATCH = YES;
				COPY_PHASE_STRIP = NO;
				DEBUG_INFORMATION_FORMAT = "dwarf-with-dsym";
				ENABLE_NS_ASSERTIONS = NO;
				ENABLE_STRICT_OBJC_MSGSEND = YES;
				GCC_C_LANGUAGE_STANDARD = gnu11;
				GCC_NO_COMMON_BLOCKS = YES;
				GCC_WARN_64_TO_32_BIT_CONVERSION = YES;
				GCC_WARN_ABOUT_RETURN_TYPE = YES_ERROR;
				GCC_WARN_UNDECLARED_SELECTOR = YES;
				GCC_WARN_UNINITIALIZED_AUTOS = YES_AGGRESSIVE;
				GCC_WARN_UNUSED_FUNCTION = YES;
				GCC_WARN_UNUSED_VARIABLE = YES;
				IPHONEOS_DEPLOYMENT_TARGET = 16.1;
				MTL_ENABLE_DEBUG_INFO = NO;
				MTL_FAST_MATH = YES;
				SDKROOT = iphoneos;
				SWIFT_COMPILATION_MODE = wholemodule;
				SWIFT_OPTIMIZATION_LEVEL = "-O";
				VALIDATE_PRODUCT = YES;
			};
			name = Release;
		};
		47E551D3290511AE0080E5D7 /* Debug */ = {
			isa = XCBuildConfiguration;
			buildSettings = {
				ASSETCATALOG_COMPILER_APPICON_NAME = AppIcon;
				ASSETCATALOG_COMPILER_GLOBAL_ACCENT_COLOR_NAME = AccentColor;
				CODE_SIGN_STYLE = Automatic;
				CURRENT_PROJECT_VERSION = 1;
				DEVELOPMENT_ASSET_PATHS = "\"UI- 777/Preview Content\"";
				DEVELOPMENT_TEAM = 8CL4U468K5;
				ENABLE_PREVIEWS = YES;
				GENERATE_INFOPLIST_FILE = YES;
				INFOPLIST_KEY_UIApplicationSceneManifest_Generation = YES;
				INFOPLIST_KEY_UIApplicationSupportsIndirectInputEvents = YES;
				INFOPLIST_KEY_UILaunchScreen_Generation = YES;
				INFOPLIST_KEY_UISupportedInterfaceOrientations_iPad = "UIInterfaceOrientationPortrait UIInterfaceOrientationPortraitUpsideDown UIInterfaceOrientationLandscapeLeft UIInterfaceOrientationLandscapeRight";
				INFOPLIST_KEY_UISupportedInterfaceOrientations_iPhone = "UIInterfaceOrientationPortrait UIInterfaceOrientationLandscapeLeft UIInterfaceOrientationLandscapeRight";
				LD_RUNPATH_SEARCH_PATHS = (
					"$(inherited)",
					"@executable_path/Frameworks",
				);
				MARKETING_VERSION = 1.0;
				PRODUCT_BUNDLE_IDENTIFIER = "com.585.UI--777";
				PRODUCT_NAME = "$(TARGET_NAME)";
				SWIFT_EMIT_LOC_STRINGS = YES;
				SWIFT_VERSION = 5.0;
				TARGETED_DEVICE_FAMILY = "1,2";
			};
			name = Debug;
		};
		47E551D4290511AE0080E5D7 /* Release */ = {
			isa = XCBuildConfiguration;
			buildSettings = {
				ASSETCATALOG_COMPILER_APPICON_NAME = AppIcon;
				ASSETCATALOG_COMPILER_GLOBAL_ACCENT_COLOR_NAME = AccentColor;
				CODE_SIGN_STYLE = Automatic;
				CURRENT_PROJECT_VERSION = 1;
				DEVELOPMENT_ASSET_PATHS = "\"UI- 777/Preview Content\"";
				DEVELOPMENT_TEAM = 8CL4U468K5;
				ENABLE_PREVIEWS = YES;
				GENERATE_INFOPLIST_FILE = YES;
				INFOPLIST_KEY_UIApplicationSceneManifest_Generation = YES;
				INFOPLIST_KEY_UIApplicationSupportsIndirectInputEvents = YES;
				INFOPLIST_KEY_UILaunchScreen_Generation = YES;
				INFOPLIST_KEY_UISupportedInterfaceOrientations_iPad = "UIInterfaceOrientationPortrait UIInterfaceOrientationPortraitUpsideDown UIInterfaceOrientationLandscapeLeft UIInterfaceOrientationLandscapeRight";
				INFOPLIST_KEY_UISupportedInterfaceOrientations_iPhone = "UIInterfaceOrientationPortrait UIInterfaceOrientationLandscapeLeft UIInterfaceOrientationLandscapeRight";
				LD_RUNPATH_SEARCH_PATHS = (
					"$(inherited)",
					"@executable_path/Frameworks",
				);
				MARKETING_VERSION = 1.0;
				PRODUCT_BUNDLE_IDENTIFIER = "com.585.UI--777";
				PRODUCT_NAME = "$(TARGET_NAME)";
				SWIFT_EMIT_LOC_STRINGS = YES;
				SWIFT_VERSION = 5.0;
				TARGETED_DEVICE_FAMILY = "1,2";
			};
			name = Release;
		};
		47E551D6290511AE0080E5D7 /* Debug */ = {
			isa = XCBuildConfiguration;
			buildSettings = {
				ALWAYS_EMBED_SWIFT_STANDARD_LIBRARIES = YES;
				BUNDLE_LOADER = "$(TEST_HOST)";
				CODE_SIGN_STYLE = Automatic;
				CURRENT_PROJECT_VERSION = 1;
				DEVELOPMENT_TEAM = 8CL4U468K5;
				GENERATE_INFOPLIST_FILE = YES;
				IPHONEOS_DEPLOYMENT_TARGET = 16.1;
				MARKETING_VERSION = 1.0;
				PRODUCT_BUNDLE_IDENTIFIER = "com.585.UI--777Tests";
				PRODUCT_NAME = "$(TARGET_NAME)";
				SWIFT_EMIT_LOC_STRINGS = NO;
				SWIFT_VERSION = 5.0;
				TARGETED_DEVICE_FAMILY = "1,2";
				TEST_HOST = "$(BUILT_PRODUCTS_DIR)/UI- 777.app/$(BUNDLE_EXECUTABLE_FOLDER_PATH)/UI- 777";
			};
			name = Debug;
		};
		47E551D7290511AE0080E5D7 /* Release */ = {
			isa = XCBuildConfiguration;
			buildSettings = {
				ALWAYS_EMBED_SWIFT_STANDARD_LIBRARIES = YES;
				BUNDLE_LOADER = "$(TEST_HOST)";
				CODE_SIGN_STYLE = Automatic;
				CURRENT_PROJECT_VERSION = 1;
				DEVELOPMENT_TEAM = 8CL4U468K5;
				GENERATE_INFOPLIST_FILE = YES;
				IPHONEOS_DEPLOYMENT_TARGET = 16.1;
				MARKETING_VERSION = 1.0;
				PRODUCT_BUNDLE_IDENTIFIER = "com.585.UI--777Tests";
				PRODUCT_NAME = "$(TARGET_NAME)";
				SWIFT_EMIT_LOC_STRINGS = NO;
				SWIFT_VERSION = 5.0;
				TARGETED_DEVICE_FAMILY = "1,2";
				TEST_HOST = "$(BUILT_PRODUCTS_DIR)/UI- 777.app/$(BUNDLE_EXECUTABLE_FOLDER_PATH)/UI- 777";
			};
			name = Release;
		};
		47E551D9290511AE0080E5D7 /* Debug */ = {
			isa = XCBuildConfiguration;
			buildSettings = {
				ALWAYS_EMBED_SWIFT_STANDARD_LIBRARIES = YES;
				CODE_SIGN_STYLE = Automatic;
				CURRENT_PROJECT_VERSION = 1;
				DEVELOPMENT_TEAM = 8CL4U468K5;
				GENERATE_INFOPLIST_FILE = YES;
				MARKETING_VERSION = 1.0;
				PRODUCT_BUNDLE_IDENTIFIER = "com.585.UI--777UITests";
				PRODUCT_NAME = "$(TARGET_NAME)";
				SWIFT_EMIT_LOC_STRINGS = NO;
				SWIFT_VERSION = 5.0;
				TARGETED_DEVICE_FAMILY = "1,2";
				TEST_TARGET_NAME = "UI- 777";
			};
			name = Debug;
		};
		47E551DA290511AE0080E5D7 /* Release */ = {
			isa = XCBuildConfiguration;
			buildSettings = {
				ALWAYS_EMBED_SWIFT_STANDARD_LIBRARIES = YES;
				CODE_SIGN_STYLE = Automatic;
				CURRENT_PROJECT_VERSION = 1;
				DEVELOPMENT_TEAM = 8CL4U468K5;
				GENERATE_INFOPLIST_FILE = YES;
				MARKETING_VERSION = 1.0;
				PRODUCT_BUNDLE_IDENTIFIER = "com.585.UI--777UITests";
				PRODUCT_NAME = "$(TARGET_NAME)";
				SWIFT_EMIT_LOC_STRINGS = NO;
				SWIFT_VERSION = 5.0;
				TARGETED_DEVICE_FAMILY = "1,2";
				TEST_TARGET_NAME = "UI- 777";
			};
			name = Release;
		};
/* End XCBuildConfiguration section */

/* Begin XCConfigurationList section */
		47E551A9290511AC0080E5D7 /* Build configuration list for PBXProject "UI- 777" */ = {
			isa = XCConfigurationList;
			buildConfigurations = (
				47E551D0290511AE0080E5D7 /* Debug */,
				47E551D1290511AE0080E5D7 /* Release */,
			);
			defaultConfigurationIsVisible = 0;
			defaultConfigurationName = Release;
		};
		47E551D2290511AE0080E5D7 /* Build configuration list for PBXNativeTarget "UI- 777" */ = {
			isa = XCConfigurationList;
			buildConfigurations = (
				47E551D3290511AE0080E5D7 /* Debug */,
				47E551D4290511AE0080E5D7 /* Release */,
			);
			defaultConfigurationIsVisible = 0;
			defaultConfigurationName = Release;
		};
		47E551D5290511AE0080E5D7 /* Build configuration list for PBXNativeTarget "UI- 777Tests" */ = {
			isa = XCConfigurationList;
			buildConfigurations = (
				47E551D6290511AE0080E5D7 /* Debug */,
				47E551D7290511AE0080E5D7 /* Release */,
			);
			defaultConfigurationIsVisible = 0;
			defaultConfigurationName = Release;
		};
		47E551D8290511AE0080E5D7 /* Build configuration list for PBXNativeTarget "UI- 777UITests" */ = {
			isa = XCConfigurationList;
			buildConfigurations = (
				47E551D9290511AE0080E5D7 /* Debug */,
				47E551DA290511AE0080E5D7 /* Release */,
			);
			defaultConfigurationIsVisible = 0;
			defaultConfigurationName = Release;
		};
/* End XCConfigurationList section */
	};
	rootObject = 47E551A6290511AC0080E5D7 /* Project object */;
}
